PODS:
  - Flutter (1.0.0)
  - flutter_midi_command (0.4.2):
    - Flutter
  - flutter_native_splash (2.4.3):
    - Flutter
  - package_info_plus (0.4.5):
    - Flutter
  - rive_common (0.0.1):
    - Flutter
  - shared_preferences_foundation (0.0.1):
    - Flutter
    - FlutterMacOS
  - universal_ble (0.0.1):
    - Flutter
    - FlutterMacOS
  - url_launcher_ios (0.0.1):
    - Flutter
  - wakelock_plus (0.0.1):
    - Flutter

DEPENDENCIES:
  - Flutter (from `Flutter`)
  - flutter_midi_command (from `.symlinks/plugins/flutter_midi_command/ios`)
  - flutter_native_splash (from `.symlinks/plugins/flutter_native_splash/ios`)
  - package_info_plus (from `.symlinks/plugins/package_info_plus/ios`)
  - rive_common (from `.symlinks/plugins/rive_common/ios`)
  - shared_preferences_foundation (from `.symlinks/plugins/shared_preferences_foundation/darwin`)
  - universal_ble (from `.symlinks/plugins/universal_ble/darwin`)
  - url_launcher_ios (from `.symlinks/plugins/url_launcher_ios/ios`)
  - wakelock_plus (from `.symlinks/plugins/wakelock_plus/ios`)

EXTERNAL SOURCES:
  Flutter:
    :path: Flutter
  flutter_midi_command:
    :path: ".symlinks/plugins/flutter_midi_command/ios"
  flutter_native_splash:
    :path: ".symlinks/plugins/flutter_native_splash/ios"
  package_info_plus:
    :path: ".symlinks/plugins/package_info_plus/ios"
  rive_common:
    :path: ".symlinks/plugins/rive_common/ios"
  shared_preferences_foundation:
    :path: ".symlinks/plugins/shared_preferences_foundation/darwin"
  universal_ble:
    :path: ".symlinks/plugins/universal_ble/darwin"
  url_launcher_ios:
    :path: ".symlinks/plugins/url_launcher_ios/ios"
  wakelock_plus:
    :path: ".symlinks/plugins/wakelock_plus/ios"

SPEC CHECKSUMS:
  Flutter: e0871f40cf51350855a761d2e70bf5af5b9b5de7
  flutter_midi_command: 28d867d5701407d94917c4c35ca0172d362e1611
  flutter_native_splash: c32d145d68aeda5502d5f543ee38c192065986cf
  package_info_plus: af8e2ca6888548050f16fa2f1938db7b5a5df499
  rive_common: dd421daaf9ae69f0125aa761dd96abd278399952
  shared_preferences_foundation: 9e1978ff2562383bd5676f64ec4e9aa8fa06a6f7
  universal_ble: ff19787898040d721109c6324472e5dd4bc86adc
  url_launcher_ios: 694010445543906933d732453a59da0a173ae33d
  wakelock_plus: 04623e3f525556020ebd4034310f20fe7fda8b49

PODFILE CHECKSUM: c4c93c5f6502fe2754f48404d3594bf779584011

COCOAPODS: 1.16.2
