PODS:
  - Flutter (1.0.0)
  - flutter_midi_command (0.4.2):
    - Flutter
  - rive_native (0.0.1):
    - Flutter
  - universal_ble (0.0.1):
    - Flutter
    - FlutterMacOS

DEPENDENCIES:
  - Flutter (from `Flutter`)
  - flutter_midi_command (from `.symlinks/plugins/flutter_midi_command/ios`)
  - rive_native (from `.symlinks/plugins/rive_native/ios`)
  - universal_ble (from `.symlinks/plugins/universal_ble/darwin`)

EXTERNAL SOURCES:
  Flutter:
    :path: Flutter
  flutter_midi_command:
    :path: ".symlinks/plugins/flutter_midi_command/ios"
  rive_native:
    :path: ".symlinks/plugins/rive_native/ios"
  universal_ble:
    :path: ".symlinks/plugins/universal_ble/darwin"

SPEC CHECKSUMS:
  Flutter: 71a624a5bc0c04062bf19101d501e466baf2fb47
  flutter_midi_command: 28d867d5701407d94917c4c35ca0172d362e1611
  rive_native: b422cf8b48d5dea1d536b88b354f11615a638188
  universal_ble: ff19787898040d721109c6324472e5dd4bc86adc

PODFILE CHECKSUM: a938cb79d452854fa9f13c14ded5e356e38f0fc7

COCOAPODS: 1.17.0
